
Microsoft Visual Studio Solution File, Format Version 12.00
# Visual Studio 15
VisualStudioVersion = 15.0.28307.1401
MinimumVisualStudioVersion = 10.0.40219.1
Project("{8BC9CEB8-8B4A-11D0-8D11-00A0C91BC942}") = "testHashMap", "testHashMap\testHashMap.vcxproj", "{2C525B6F-A3C6-490A-ACF6-B6F94F4936B8}"
EndProject
Project("{8BC9CEB8-8B4A-11D0-8D11-00A0C91BC942}") = "testHashCode", "testHashCode\testHashCode.vcxproj", "{A71ACC28-687F-4D2B-BF0B-E3F351BD7CE1}"
EndProject
Project("{8BC9CEB8-8B4A-11D0-8D11-00A0C91BC942}") = "testRehash", "testRehash\testRehash.vcxproj", "{D0F8D822-8F4E-40BA-8963-5C3F91B15D63}"
EndProject
Project("{8BC9CEB8-8B4A-11D0-8D11-00A0C91BC942}") = "testStaticHashMap", "testStaticHashMap\testStaticHashMap.vcxproj", "{11DFA179-5890-47F7-8425-4BA8A1254BEB}"
EndProject
Global
	GlobalSection(SolutionConfigurationPlatforms) = preSolution
		Debug|x64 = Debug|x64
		Release|x64 = Release|x64
	EndGlobalSection
	GlobalSection(ProjectConfigurationPlatforms) = postSolution
		{2C525B6F-A3C6-490A-ACF6-B6F94F4936B8}.Debug|x64.ActiveCfg = Debug|x64
		{2C525B6F-A3C6-490A-ACF6-B6F94F4936B8}.Debug|x64.Build.0 = Debug|x64
		{2C525B6F-A3C6-490A-ACF6-B6F94F4936B8}.Release|x64.ActiveCfg = Release|x64
		{2C525B6F-A3C6-490A-ACF6-B6F94F4936B8}.Release|x64.Build.0 = Release|x64
		{A71ACC28-687F-4D2B-BF0B-E3F351BD7CE1}.Debug|x64.ActiveCfg = Debug|x64
		{A71ACC28-687F-4D2B-BF0B-E3F351BD7CE1}.Debug|x64.Build.0 = Debug|x64
		{A71ACC28-687F-4D2B-BF0B-E3F351BD7CE1}.Release|x64.ActiveCfg = Release|x64
		{A71ACC28-687F-4D2B-BF0B-E3F351BD7CE1}.Release|x64.Build.0 = Release|x64
		{D0F8D822-8F4E-40BA-8963-5C3F91B15D63}.Debug|x64.ActiveCfg = Debug|x64
		{D0F8D822-8F4E-40BA-8963-5C3F91B15D63}.Debug|x64.Build.0 = Debug|x64
		{D0F8D822-8F4E-40BA-8963-5C3F91B15D63}.Release|x64.ActiveCfg = Release|x64
		{D0F8D822-8F4E-40BA-8963-5C3F91B15D63}.Release|x64.Build.0 = Release|x64
		{11DFA179-5890-47F7-8425-4BA8A1254BEB}.Debug|x64.ActiveCfg = Debug|x64
		{11DFA179-5890-47F7-8425-4BA8A1254BEB}.Debug|x64.Build.0 = Debug|x64
		{11DFA179-5890-47F7-8425-4BA8A1254BEB}.Release|x64.ActiveCfg = Release|x64
		{11DFA179-5890-47F7-8425-4BA8A1254BEB}.Release|x64.Build.0 = Release|x64
	EndGlobalSection
	GlobalSection(SolutionProperties) = preSolution
		HideSolutionNode = FALSE
	EndGlobalSection
	GlobalSection(ExtensibilityGlobals) = postSolution
		SolutionGuid = {09DB4BB7-C9E1-4667-8DBB-9295E290A7EF}
	EndGlobalSection
EndGlobal
