
Microsoft Visual Studio Solution File, Format Version 12.00
# Visual Studio 15
VisualStudioVersion = 15.0.28307.1401
MinimumVisualStudioVersion = 10.0.40219.1
Project("{8BC9CEB8-8B4A-11D0-8D11-00A0C91BC942}") = "testNewDeleteOverload", "testNewDeleteOverload\testNewDeleteOverload.vcxproj", "{E658BE9D-60E5-42ED-8F1D-19806F84F623}"
EndProject
Global
	GlobalSection(SolutionConfigurationPlatforms) = preSolution
		Debug|x64 = Debug|x64
		Release|x64 = Release|x64
	EndGlobalSection
	GlobalSection(ProjectConfigurationPlatforms) = postSolution
		{E658BE9D-60E5-42ED-8F1D-19806F84F623}.Debug|x64.ActiveCfg = Debug|x64
		{E658BE9D-60E5-42ED-8F1D-19806F84F623}.Debug|x64.Build.0 = Debug|x64
		{E658BE9D-60E5-42ED-8F1D-19806F84F623}.Release|x64.ActiveCfg = Release|x64
		{E658BE9D-60E5-42ED-8F1D-19806F84F623}.Release|x64.Build.0 = Release|x64
	EndGlobalSection
	GlobalSection(SolutionProperties) = preSolution
		HideSolutionNode = FALSE
	EndGlobalSection
	GlobalSection(ExtensibilityGlobals) = postSolution
		SolutionGuid = {A21F40BD-0684-4240-BB9A-31BEAA2F6F5C}
	EndGlobalSection
EndGlobal
