
Microsoft Visual Studio Solution File, Format Version 12.00
# Visual Studio Version 16
VisualStudioVersion = 16.0.32510.428
MinimumVisualStudioVersion = 10.0.40219.1
Project("{8BC9CEB8-8B4A-11D0-8D11-00A0C91BC942}") = "testMsgpack", "testMsgpack\testMsgpack.vcxproj", "{25BD5777-3230-4048-8377-8C1B11CF7496}"
EndProject
Project("{8BC9CEB8-8B4A-11D0-8D11-00A0C91BC942}") = "testMemoryPacking", "testMemoryPacking\testMemoryPacking.vcxproj", "{BFD2E646-C4F2-4A0F-B6C9-2CFE45C3F9B1}"
EndProject
Global
	GlobalSection(SolutionConfigurationPlatforms) = preSolution
		Debug|x64 = Debug|x64
		Release|x64 = Release|x64
	EndGlobalSection
	GlobalSection(ProjectConfigurationPlatforms) = postSolution
		{25BD5777-3230-4048-8377-8C1B11CF7496}.Debug|x64.ActiveCfg = Debug|x64
		{25BD5777-3230-4048-8377-8C1B11CF7496}.Debug|x64.Build.0 = Debug|x64
		{25BD5777-3230-4048-8377-8C1B11CF7496}.Release|x64.ActiveCfg = Release|x64
		{25BD5777-3230-4048-8377-8C1B11CF7496}.Release|x64.Build.0 = Release|x64
		{BFD2E646-C4F2-4A0F-B6C9-2CFE45C3F9B1}.Debug|x64.ActiveCfg = Debug|x64
		{BFD2E646-C4F2-4A0F-B6C9-2CFE45C3F9B1}.Debug|x64.Build.0 = Debug|x64
		{BFD2E646-C4F2-4A0F-B6C9-2CFE45C3F9B1}.Release|x64.ActiveCfg = Release|x64
		{BFD2E646-C4F2-4A0F-B6C9-2CFE45C3F9B1}.Release|x64.Build.0 = Release|x64
	EndGlobalSection
	GlobalSection(SolutionProperties) = preSolution
		HideSolutionNode = FALSE
	EndGlobalSection
	GlobalSection(ExtensibilityGlobals) = postSolution
		SolutionGuid = {9F3A2F22-8AA0-43CC-BBB2-504294CA9938}
	EndGlobalSection
EndGlobal
