
Microsoft Visual Studio Solution File, Format Version 12.00
# Visual Studio 15
VisualStudioVersion = 15.0.28307.1705
MinimumVisualStudioVersion = 10.0.40219.1
Project("{8BC9CEB8-8B4A-11D0-8D11-00A0C91BC942}") = "testTypeToIndexConversion", "testTypeToIndexConversion\testTypeToIndexConversion.vcxproj", "{7EB59A83-22D4-4864-B103-DF76AE2BFF5E}"
EndProject
Global
	GlobalSection(SolutionConfigurationPlatforms) = preSolution
		Debug|x64 = Debug|x64
		Release|x64 = Release|x64
	EndGlobalSection
	GlobalSection(ProjectConfigurationPlatforms) = postSolution
		{7EB59A83-22D4-4864-B103-DF76AE2BFF5E}.Debug|x64.ActiveCfg = Debug|x64
		{7EB59A83-22D4-4864-B103-DF76AE2BFF5E}.Debug|x64.Build.0 = Debug|x64
		{7EB59A83-22D4-4864-B103-DF76AE2BFF5E}.Release|x64.ActiveCfg = Release|x64
		{7EB59A83-22D4-4864-B103-DF76AE2BFF5E}.Release|x64.Build.0 = Release|x64
	EndGlobalSection
	GlobalSection(SolutionProperties) = preSolution
		HideSolutionNode = FALSE
	EndGlobalSection
	GlobalSection(ExtensibilityGlobals) = postSolution
		SolutionGuid = {08950F02-BFCE-4FC2-BBA6-625849272878}
	EndGlobalSection
EndGlobal
