
Microsoft Visual Studio Solution File, Format Version 12.00
# Visual Studio 15
VisualStudioVersion = 15.0.28307.1401
MinimumVisualStudioVersion = 10.0.40219.1
Project("{8BC9CEB8-8B4A-11D0-8D11-00A0C91BC942}") = "testVariadicFunctions", "testVariadicFunctions\testVariadicFunctions.vcxproj", "{7DB37EF0-28A4-4485-AF59-DCEFCC9D3F37}"
EndProject
Project("{8BC9CEB8-8B4A-11D0-8D11-00A0C91BC942}") = "testVariadicFunctions2", "testVariadicFunctions2\testVariadicFunctions2.vcxproj", "{F5A78EAD-2AFE-4B3F-B110-A23D51C9B066}"
EndProject
Global
	GlobalSection(SolutionConfigurationPlatforms) = preSolution
		Debug|x64 = Debug|x64
		Release|x64 = Release|x64
	EndGlobalSection
	GlobalSection(ProjectConfigurationPlatforms) = postSolution
		{7DB37EF0-28A4-4485-AF59-DCEFCC9D3F37}.Debug|x64.ActiveCfg = Debug|x64
		{7DB37EF0-28A4-4485-AF59-DCEFCC9D3F37}.Debug|x64.Build.0 = Debug|x64
		{7DB37EF0-28A4-4485-AF59-DCEFCC9D3F37}.Release|x64.ActiveCfg = Release|x64
		{7DB37EF0-28A4-4485-AF59-DCEFCC9D3F37}.Release|x64.Build.0 = Release|x64
		{F5A78EAD-2AFE-4B3F-B110-A23D51C9B066}.Debug|x64.ActiveCfg = Debug|x64
		{F5A78EAD-2AFE-4B3F-B110-A23D51C9B066}.Debug|x64.Build.0 = Debug|x64
		{F5A78EAD-2AFE-4B3F-B110-A23D51C9B066}.Release|x64.ActiveCfg = Release|x64
		{F5A78EAD-2AFE-4B3F-B110-A23D51C9B066}.Release|x64.Build.0 = Release|x64
	EndGlobalSection
	GlobalSection(SolutionProperties) = preSolution
		HideSolutionNode = FALSE
	EndGlobalSection
	GlobalSection(ExtensibilityGlobals) = postSolution
		SolutionGuid = {A383D87A-BDA0-42E2-89E9-543B8797043A}
	EndGlobalSection
EndGlobal
